
Microsoft Visual Studio Solution File, Format Version 12.00
# Visual Studio Version 17
VisualStudioVersion = 17.14.36121.58
MinimumVisualStudioVersion = 10.0.40219.1
Project("{FAE04EC0-301F-11D3-BF4B-00C04F79EFBC}") = "GameStore.PackingService", "GameStore\GameStore.PackingService.csproj", "{D31B3DF7-CDE9-4013-BA25-57395A058C9D}"
EndProject
Project("{FAE04EC0-301F-11D3-BF4B-00C04F79EFBC}") = "GameStore.PackingService.Tests", "GameStore.PackingService.Tests\GameStore.PackingService.Tests.csproj", "{6764CA5E-391A-B2ED-C8E4-1CDF07A9D126}"
EndProject
Global
	GlobalSection(SolutionConfigurationPlatforms) = preSolution
		Debug|Any CPU = Debug|Any CPU
		Release|Any CPU = Release|Any CPU
	EndGlobalSection
	GlobalSection(ProjectConfigurationPlatforms) = postSolution
		{D31B3DF7-CDE9-4013-BA25-57395A058C9D}.Debug|Any CPU.ActiveCfg = Debug|Any CPU
		{D31B3DF7-CDE9-4013-BA25-57395A058C9D}.Debug|Any CPU.Build.0 = Debug|Any CPU
		{D31B3DF7-CDE9-4013-BA25-57395A058C9D}.Release|Any CPU.ActiveCfg = Release|Any CPU
		{D31B3DF7-CDE9-4013-BA25-57395A058C9D}.Release|Any CPU.Build.0 = Release|Any CPU
		{6764CA5E-391A-B2ED-C8E4-1CDF07A9D126}.Debug|Any CPU.ActiveCfg = Debug|Any CPU
		{6764CA5E-391A-B2ED-C8E4-1CDF07A9D126}.Debug|Any CPU.Build.0 = Debug|Any CPU
		{6764CA5E-391A-B2ED-C8E4-1CDF07A9D126}.Release|Any CPU.ActiveCfg = Release|Any CPU
		{6764CA5E-391A-B2ED-C8E4-1CDF07A9D126}.Release|Any CPU.Build.0 = Release|Any CPU
	EndGlobalSection
	GlobalSection(SolutionProperties) = preSolution
		HideSolutionNode = FALSE
	EndGlobalSection
	GlobalSection(ExtensibilityGlobals) = postSolution
		SolutionGuid = {59751F2F-C047-4E52-9FA2-905F69D20E2D}
	EndGlobalSection
EndGlobal
